
Microsoft Visual Studio Solution File, Format Version 12.00
# Visual Studio 15
VisualStudioVersion = 15.0.27428.2027
MinimumVisualStudioVersion = 10.0.40219.1
Project("{9A19103F-16F7-4668-BE54-9A1E7A4F7556}") = "Fanview.API", "Fanview.API\Fanview.API.csproj", "{6DF0EC0C-5257-41CC-B786-5D89158570A8}"
EndProject
Project("{9A19103F-16F7-4668-BE54-9A1E7A4F7556}") = "Fanview.Test", "Fanview.Test\Fanview.Test.csproj", "{1A1BDAA3-B6D7-492D-B364-037AF4BCFD0F}"
EndProject
Project("{9A19103F-16F7-4668-BE54-9A1E7A4F7556}") = "FanviewPollingService", "FanviewPollingService\FanviewPollingService.csproj", "{53FDF2E8-8BD3-4924-B803-AF7F9EE338F9}"
EndProject
Project("{9A19103F-16F7-4668-BE54-9A1E7A4F7556}") = "PollingServiceTest", "PollingServiceTest\PollingServiceTest.csproj", "{648F9ACD-95D7-4B36-8872-49283BE63D83}"
EndProject
Project("{9A19103F-16F7-4668-BE54-9A1E7A4F7556}") = "FanviewEventPollingService", "FanviewSummaryPollingService\FanviewEventPollingService.csproj", "{71DDB0F6-23D0-4CB0-AA97-9FCB59F88C77}"
EndProject
Project("{9A19103F-16F7-4668-BE54-9A1E7A4F7556}") = "Fanview.UDPProcessor", "UdpProcessor\Fanview.UDPProcessor.csproj", "{8C504933-6952-4111-8527-DBEF68BC1D1E}"
EndProject
Global
	GlobalSection(SolutionConfigurationPlatforms) = preSolution
		Debug|Any CPU = Debug|Any CPU
		Release|Any CPU = Release|Any CPU
	EndGlobalSection
	GlobalSection(ProjectConfigurationPlatforms) = postSolution
		{6DF0EC0C-5257-41CC-B786-5D89158570A8}.Debug|Any CPU.ActiveCfg = Debug|Any CPU
		{6DF0EC0C-5257-41CC-B786-5D89158570A8}.Debug|Any CPU.Build.0 = Debug|Any CPU
		{6DF0EC0C-5257-41CC-B786-5D89158570A8}.Release|Any CPU.ActiveCfg = Release|Any CPU
		{6DF0EC0C-5257-41CC-B786-5D89158570A8}.Release|Any CPU.Build.0 = Release|Any CPU
		{1A1BDAA3-B6D7-492D-B364-037AF4BCFD0F}.Debug|Any CPU.ActiveCfg = Debug|Any CPU
		{1A1BDAA3-B6D7-492D-B364-037AF4BCFD0F}.Debug|Any CPU.Build.0 = Debug|Any CPU
		{1A1BDAA3-B6D7-492D-B364-037AF4BCFD0F}.Release|Any CPU.ActiveCfg = Release|Any CPU
		{1A1BDAA3-B6D7-492D-B364-037AF4BCFD0F}.Release|Any CPU.Build.0 = Release|Any CPU
		{53FDF2E8-8BD3-4924-B803-AF7F9EE338F9}.Debug|Any CPU.ActiveCfg = Debug|Any CPU
		{53FDF2E8-8BD3-4924-B803-AF7F9EE338F9}.Debug|Any CPU.Build.0 = Debug|Any CPU
		{53FDF2E8-8BD3-4924-B803-AF7F9EE338F9}.Release|Any CPU.ActiveCfg = Release|Any CPU
		{53FDF2E8-8BD3-4924-B803-AF7F9EE338F9}.Release|Any CPU.Build.0 = Release|Any CPU
		{648F9ACD-95D7-4B36-8872-49283BE63D83}.Debug|Any CPU.ActiveCfg = Debug|Any CPU
		{648F9ACD-95D7-4B36-8872-49283BE63D83}.Debug|Any CPU.Build.0 = Debug|Any CPU
		{648F9ACD-95D7-4B36-8872-49283BE63D83}.Release|Any CPU.ActiveCfg = Release|Any CPU
		{648F9ACD-95D7-4B36-8872-49283BE63D83}.Release|Any CPU.Build.0 = Release|Any CPU
		{71DDB0F6-23D0-4CB0-AA97-9FCB59F88C77}.Debug|Any CPU.ActiveCfg = Debug|Any CPU
		{71DDB0F6-23D0-4CB0-AA97-9FCB59F88C77}.Debug|Any CPU.Build.0 = Debug|Any CPU
		{71DDB0F6-23D0-4CB0-AA97-9FCB59F88C77}.Release|Any CPU.ActiveCfg = Release|Any CPU
		{71DDB0F6-23D0-4CB0-AA97-9FCB59F88C77}.Release|Any CPU.Build.0 = Release|Any CPU
		{8C504933-6952-4111-8527-DBEF68BC1D1E}.Debug|Any CPU.ActiveCfg = Debug|Any CPU
		{8C504933-6952-4111-8527-DBEF68BC1D1E}.Debug|Any CPU.Build.0 = Debug|Any CPU
		{8C504933-6952-4111-8527-DBEF68BC1D1E}.Release|Any CPU.ActiveCfg = Release|Any CPU
		{8C504933-6952-4111-8527-DBEF68BC1D1E}.Release|Any CPU.Build.0 = Release|Any CPU
	EndGlobalSection
	GlobalSection(SolutionProperties) = preSolution
		HideSolutionNode = FALSE
	EndGlobalSection
	GlobalSection(ExtensibilityGlobals) = postSolution
		SolutionGuid = {5A9338A9-9580-4AC9-A726-95C6CF06E499}
	EndGlobalSection
EndGlobal
